// !$*UTF8*$!
{
	archiveVersion = 1;
	classes = {
	};
	objectVersion = 51;
	objects = {

/* Begin PBXBuildFile section */
		433C61129B40EB97D22FDC41 /* libPods-MyRecipes.a in Frameworks */ = {isa = PBXBuildFile; fileRef = DCAD072D498CDD98A1FDEC17 /* libPods-MyRecipes.a */; };
		C06C3ED124556E2B0076EF4A /* LoginViewController.swift in Sources */ = {isa = PBXBuildFile; fileRef = C06C3ED024556E2B0076EF4A /* LoginViewController.swift */; };
		C08F9931245B1D46008C46D7 /* SquaredImage + Extension.swift in Sources */ = {isa = PBXBuildFile; fileRef = C08F9930245B1D46008C46D7 /* SquaredImage + Extension.swift */; };
		C08F9935245C7F42008C46D7 /* EditViewController.swift in Sources */ = {isa = PBXBuildFile; fileRef = C08F9934245C7F42008C46D7 /* EditViewController.swift */; };
		C08F993724607BE0008C46D7 /* IngredientTableViewCell.swift in Sources */ = {isa = PBXBuildFile; fileRef = C08F993624607BDF008C46D7 /* IngredientTableViewCell.swift */; };
		C08F993924607C02008C46D7 /* IngredientEditedTableViewCell.swift in Sources */ = {isa = PBXBuildFile; fileRef = C08F993824607C02008C46D7 /* IngredientEditedTableViewCell.swift */; };
		C08F993B24607C18008C46D7 /* IngredientAddedTableViewCell.swift in Sources */ = {isa = PBXBuildFile; fileRef = C08F993A24607C18008C46D7 /* IngredientAddedTableViewCell.swift */; };
		C08F993D2460940D008C46D7 /* RecipesTableViewCell.swift in Sources */ = {isa = PBXBuildFile; fileRef = C08F993C2460940D008C46D7 /* RecipesTableViewCell.swift */; };
		C08F993F2460992D008C46D7 /* UNNavigationBar + Extension.swift in Sources */ = {isa = PBXBuildFile; fileRef = C08F993E2460992D008C46D7 /* UNNavigationBar + Extension.swift */; };
		C0AEADFF244CCE0200D335C4 /* AppDelegate.swift in Sources */ = {isa = PBXBuildFile; fileRef = C0AEADFE244CCE0200D335C4 /* AppDelegate.swift */; };
		C0AEAE01244CCE0200D335C4 /* SceneDelegate.swift in Sources */ = {isa = PBXBuildFile; fileRef = C0AEAE00244CCE0200D335C4 /* SceneDelegate.swift */; };
		C0AEAE03244CCE0200D335C4 /* ShowRecipeViewController.swift in Sources */ = {isa = PBXBuildFile; fileRef = C0AEAE02244CCE0200D335C4 /* ShowRecipeViewController.swift */; };
		C0AEAE06244CCE0200D335C4 /* Main.storyboard in Resources */ = {isa = PBXBuildFile; fileRef = C0AEAE04244CCE0200D335C4 /* Main.storyboard */; };
		C0AEAE09244CCE0200D335C4 /* MyRecipes.xcdatamodeld in Sources */ = {isa = PBXBuildFile; fileRef = C0AEAE07244CCE0200D335C4 /* MyRecipes.xcdatamodeld */; };
		C0AEAE0B244CCE0700D335C4 /* Assets.xcassets in Resources */ = {isa = PBXBuildFile; fileRef = C0AEAE0A244CCE0700D335C4 /* Assets.xcassets */; };
		C0AEAE0E244CCE0700D335C4 /* LaunchScreen.storyboard in Resources */ = {isa = PBXBuildFile; fileRef = C0AEAE0C244CCE0700D335C4 /* LaunchScreen.storyboard */; };
		C0AEAE16244CCE5700D335C4 /* RecipesTableViewController.swift in Sources */ = {isa = PBXBuildFile; fileRef = C0AEAE15244CCE5700D335C4 /* RecipesTableViewController.swift */; };
		C0AEAE1A244CCF3800D335C4 /* AddRecipeViewController.swift in Sources */ = {isa = PBXBuildFile; fileRef = C0AEAE19244CCF3800D335C4 /* AddRecipeViewController.swift */; };
		C0AEAE1E244CD30300D335C4 /* CustomButton.swift in Sources */ = {isa = PBXBuildFile; fileRef = C0AEAE1D244CD30300D335C4 /* CustomButton.swift */; };
		C0AEAE20244CD31100D335C4 /* Gradient + Extension.swift in Sources */ = {isa = PBXBuildFile; fileRef = C0AEAE1F244CD31100D335C4 /* Gradient + Extension.swift */; };
		C0AEAE22244CD37100D335C4 /* SecondaryButton.swift in Sources */ = {isa = PBXBuildFile; fileRef = C0AEAE21244CD37100D335C4 /* SecondaryButton.swift */; };
		C0AEAE24244CD39900D335C4 /* Constants.swift in Sources */ = {isa = PBXBuildFile; fileRef = C0AEAE23244CD39900D335C4 /* Constants.swift */; };
/* End PBXBuildFile section */

/* Begin PBXFileReference section */
		68030BC304C8B7D6F09A3A57 /* Pods-MyRecipes.debug.xcconfig */ = {isa = PBXFileReference; includeInIndex = 1; lastKnownFileType = text.xcconfig; name = "Pods-MyRecipes.debug.xcconfig"; path = "Target Support Files/Pods-MyRecipes/Pods-MyRecipes.debug.xcconfig"; sourceTree = "<group>"; };
		C06C3ED024556E2B0076EF4A /* LoginViewController.swift */ = {isa = PBXFileReference; lastKnownFileType = sourcecode.swift; name = LoginViewController.swift; path = MyRecipes/Views/LoginViewController.swift; sourceTree = SOURCE_ROOT; };
		C08F9930245B1D46008C46D7 /* SquaredImage + Extension.swift */ = {isa = PBXFileReference; lastKnownFileType = sourcecode.swift; path = "SquaredImage + Extension.swift"; sourceTree = "<group>"; };
		C08F9934245C7F42008C46D7 /* EditViewController.swift */ = {isa = PBXFileReference; lastKnownFileType = sourcecode.swift; path = EditViewController.swift; sourceTree = SOURCE_ROOT; };
		C08F993624607BDF008C46D7 /* IngredientTableViewCell.swift */ = {isa = PBXFileReference; lastKnownFileType = sourcecode.swift; path = IngredientTableViewCell.swift; sourceTree = "<group>"; };
		C08F993824607C02008C46D7 /* IngredientEditedTableViewCell.swift */ = {isa = PBXFileReference; lastKnownFileType = sourcecode.swift; path = IngredientEditedTableViewCell.swift; sourceTree = "<group>"; };
		C08F993A24607C18008C46D7 /* IngredientAddedTableViewCell.swift */ = {isa = PBXFileReference; lastKnownFileType = sourcecode.swift; path = IngredientAddedTableViewCell.swift; sourceTree = "<group>"; };
		C08F993C2460940D008C46D7 /* RecipesTableViewCell.swift */ = {isa = PBXFileReference; lastKnownFileType = sourcecode.swift; path = RecipesTableViewCell.swift; sourceTree = "<group>"; };
		C08F993E2460992D008C46D7 /* UNNavigationBar + Extension.swift */ = {isa = PBXFileReference; lastKnownFileType = sourcecode.swift; path = "UNNavigationBar + Extension.swift"; sourceTree = "<group>"; };
		C0AEADFB244CCE0200D335C4 /* MyRecipes.app */ = {isa = PBXFileReference; explicitFileType = wrapper.application; includeInIndex = 0; path = MyRecipes.app; sourceTree = BUILT_PRODUCTS_DIR; };
		C0AEADFE244CCE0200D335C4 /* AppDelegate.swift */ = {isa = PBXFileReference; lastKnownFileType = sourcecode.swift; path = AppDelegate.swift; sourceTree = "<group>"; };
		C0AEAE00244CCE0200D335C4 /* SceneDelegate.swift */ = {isa = PBXFileReference; lastKnownFileType = sourcecode.swift; path = SceneDelegate.swift; sourceTree = "<group>"; };
		C0AEAE02244CCE0200D335C4 /* ShowRecipeViewController.swift */ = {isa = PBXFileReference; lastKnownFileType = sourcecode.swift; path = ShowRecipeViewController.swift; sourceTree = "<group>"; };
		C0AEAE05244CCE0200D335C4 /* Base */ = {isa = PBXFileReference; lastKnownFileType = file.storyboard; name = Base; path = Base.lproj/Main.storyboard; sourceTree = "<group>"; };
		C0AEAE08244CCE0200D335C4 /* MyRecipes.xcdatamodel */ = {isa = PBXFileReference; lastKnownFileType = wrapper.xcdatamodel; path = MyRecipes.xcdatamodel; sourceTree = "<group>"; };
		C0AEAE0A244CCE0700D335C4 /* Assets.xcassets */ = {isa = PBXFileReference; lastKnownFileType = folder.assetcatalog; path = Assets.xcassets; sourceTree = "<group>"; };
		C0AEAE0D244CCE0700D335C4 /* Base */ = {isa = PBXFileReference; lastKnownFileType = file.storyboard; name = Base; path = Base.lproj/LaunchScreen.storyboard; sourceTree = "<group>"; };
		C0AEAE0F244CCE0700D335C4 /* Info.plist */ = {isa = PBXFileReference; lastKnownFileType = text.plist.xml; path = Info.plist; sourceTree = "<group>"; };
		C0AEAE15244CCE5700D335C4 /* RecipesTableViewController.swift */ = {isa = PBXFileReference; lastKnownFileType = sourcecode.swift; path = RecipesTableViewController.swift; sourceTree = "<group>"; };
		C0AEAE19244CCF3800D335C4 /* AddRecipeViewController.swift */ = {isa = PBXFileReference; lastKnownFileType = sourcecode.swift; path = AddRecipeViewController.swift; sourceTree = "<group>"; };
		C0AEAE1D244CD30300D335C4 /* CustomButton.swift */ = {isa = PBXFileReference; lastKnownFileType = sourcecode.swift; path = CustomButton.swift; sourceTree = "<group>"; };
		C0AEAE1F244CD31100D335C4 /* Gradient + Extension.swift */ = {isa = PBXFileReference; lastKnownFileType = sourcecode.swift; path = "Gradient + Extension.swift"; sourceTree = "<group>"; };
		C0AEAE21244CD37100D335C4 /* SecondaryButton.swift */ = {isa = PBXFileReference; lastKnownFileType = sourcecode.swift; path = SecondaryButton.swift; sourceTree = "<group>"; };
		C0AEAE23244CD39900D335C4 /* Constants.swift */ = {isa = PBXFileReference; lastKnownFileType = sourcecode.swift; path = Constants.swift; sourceTree = "<group>"; };
		DAA42B8117844EE9F6F5BAB0 /* Pods-MyRecipes.release.xcconfig */ = {isa = PBXFileReference; includeInIndex = 1; lastKnownFileType = text.xcconfig; name = "Pods-MyRecipes.release.xcconfig"; path = "Target Support Files/Pods-MyRecipes/Pods-MyRecipes.release.xcconfig"; sourceTree = "<group>"; };
		DCAD072D498CDD98A1FDEC17 /* libPods-MyRecipes.a */ = {isa = PBXFileReference; explicitFileType = archive.ar; includeInIndex = 0; path = "libPods-MyRecipes.a"; sourceTree = BUILT_PRODUCTS_DIR; };
/* End PBXFileReference section */

/* Begin PBXFrameworksBuildPhase section */
		C0AEADF8244CCE0200D335C4 /* Frameworks */ = {
			isa = PBXFrameworksBuildPhase;
			buildActionMask = 2147483647;
			files = (
				433C61129B40EB97D22FDC41 /* libPods-MyRecipes.a in Frameworks */,
			);
			runOnlyForDeploymentPostprocessing = 0;
		};
/* End PBXFrameworksBuildPhase section */

/* Begin PBXGroup section */
		C0AEADF2244CCE0200D335C4 = {
			isa = PBXGroup;
			children = (
				C0AEADFD244CCE0200D335C4 /* MyRecipes */,
				C0AEADFC244CCE0200D335C4 /* Products */,
				F66AEE223934621A8EBBC866 /* Pods */,
				C95C0F53027F6519F3A45A66 /* Frameworks */,
			);
			sourceTree = "<group>";
		};
		C0AEADFC244CCE0200D335C4 /* Products */ = {
			isa = PBXGroup;
			children = (
				C0AEADFB244CCE0200D335C4 /* MyRecipes.app */,
			);
			name = Products;
			sourceTree = "<group>";
		};
		C0AEADFD244CCE0200D335C4 /* MyRecipes */ = {
			isa = PBXGroup;
			children = (
				C0AEADFE244CCE0200D335C4 /* AppDelegate.swift */,
				C0AEAE00244CCE0200D335C4 /* SceneDelegate.swift */,
				C0AEAE1B244CCF4500D335C4 /* Controllers */,
				C0AEAE1C244CD2EE00D335C4 /* Views */,
				C0AEAE0A244CCE0700D335C4 /* Assets.xcassets */,
				C0AEAE23244CD39900D335C4 /* Constants.swift */,
				C0AEAE0C244CCE0700D335C4 /* LaunchScreen.storyboard */,
				C0AEAE0F244CCE0700D335C4 /* Info.plist */,
				C0AEAE07244CCE0200D335C4 /* MyRecipes.xcdatamodeld */,
			);
			path = MyRecipes;
			sourceTree = "<group>";
		};
		C0AEAE1B244CCF4500D335C4 /* Controllers */ = {
			isa = PBXGroup;
			children = (
				C08F9934245C7F42008C46D7 /* EditViewController.swift */,
				C06C3ED024556E2B0076EF4A /* LoginViewController.swift */,
				C0AEAE02244CCE0200D335C4 /* ShowRecipeViewController.swift */,
				C0AEAE15244CCE5700D335C4 /* RecipesTableViewController.swift */,
				C0AEAE19244CCF3800D335C4 /* AddRecipeViewController.swift */,
				C08F993624607BDF008C46D7 /* IngredientTableViewCell.swift */,
				C08F993824607C02008C46D7 /* IngredientEditedTableViewCell.swift */,
				C08F993A24607C18008C46D7 /* IngredientAddedTableViewCell.swift */,
				C08F993C2460940D008C46D7 /* RecipesTableViewCell.swift */,
			);
			path = Controllers;
			sourceTree = "<group>";
		};
		C0AEAE1C244CD2EE00D335C4 /* Views */ = {
			isa = PBXGroup;
			children = (
				C0AEAE04244CCE0200D335C4 /* Main.storyboard */,
				C0AEAE1D244CD30300D335C4 /* CustomButton.swift */,
				C0AEAE1F244CD31100D335C4 /* Gradient + Extension.swift */,
				C0AEAE21244CD37100D335C4 /* SecondaryButton.swift */,
				C08F9930245B1D46008C46D7 /* SquaredImage + Extension.swift */,
				C08F993E2460992D008C46D7 /* UNNavigationBar + Extension.swift */,
			);
			path = Views;
			sourceTree = "<group>";
		};
		C95C0F53027F6519F3A45A66 /* Frameworks */ = {
			isa = PBXGroup;
			children = (
				DCAD072D498CDD98A1FDEC17 /* libPods-MyRecipes.a */,
			);
			name = Frameworks;
			sourceTree = "<group>";
		};
		F66AEE223934621A8EBBC866 /* Pods */ = {
			isa = PBXGroup;
			children = (
				68030BC304C8B7D6F09A3A57 /* Pods-MyRecipes.debug.xcconfig */,
				DAA42B8117844EE9F6F5BAB0 /* Pods-MyRecipes.release.xcconfig */,
			);
			path = Pods;
			sourceTree = "<group>";
		};
/* End PBXGroup section */

/* Begin PBXNativeTarget section */
		C0AEADFA244CCE0200D335C4 /* MyRecipes */ = {
			isa = PBXNativeTarget;
			buildConfigurationList = C0AEAE12244CCE0700D335C4 /* Build configuration list for PBXNativeTarget "MyRecipes" */;
			buildPhases = (
				E1669E3C1A3E0B8CC233DA98 /* [CP] Check Pods Manifest.lock */,
				C0AEADF7244CCE0200D335C4 /* Sources */,
				C0AEADF8244CCE0200D335C4 /* Frameworks */,
				C0AEADF9244CCE0200D335C4 /* Resources */,
			);
			buildRules = (
			);
			dependencies = (
			);
			name = MyRecipes;
			productName = MyRecipes;
			productReference = C0AEADFB244CCE0200D335C4 /* MyRecipes.app */;
			productType = "com.apple.product-type.application";
		};
/* End PBXNativeTarget section */

/* Begin PBXProject section */
		C0AEADF3244CCE0200D335C4 /* Project object */ = {
			isa = PBXProject;
			attributes = {
				LastSwiftUpdateCheck = 1140;
				LastUpgradeCheck = 1140;
				ORGANIZATIONNAME = "Alicia Ngomo Fernandez";
				TargetAttributes = {
					C0AEADFA244CCE0200D335C4 = {
						CreatedOnToolsVersion = 11.4.1;
					};
				};
			};
			buildConfigurationList = C0AEADF6244CCE0200D335C4 /* Build configuration list for PBXProject "MyRecipes" */;
			compatibilityVersion = "Xcode 9.3";
			developmentRegion = en;
			hasScannedForEncodings = 0;
			knownRegions = (
				en,
				Base,
			);
			mainGroup = C0AEADF2244CCE0200D335C4;
			productRefGroup = C0AEADFC244CCE0200D335C4 /* Products */;
			projectDirPath = "";
			projectRoot = "";
			targets = (
				C0AEADFA244CCE0200D335C4 /* MyRecipes */,
			);
		};
/* End PBXProject section */

/* Begin PBXResourcesBuildPhase section */
		C0AEADF9244CCE0200D335C4 /* Resources */ = {
			isa = PBXResourcesBuildPhase;
			buildActionMask = 2147483647;
			files = (
				C0AEAE0E244CCE0700D335C4 /* LaunchScreen.storyboard in Resources */,
				C0AEAE0B244CCE0700D335C4 /* Assets.xcassets in Resources */,
				C0AEAE06244CCE0200D335C4 /* Main.storyboard in Resources */,
			);
			runOnlyForDeploymentPostprocessing = 0;
		};
/* End PBXResourcesBuildPhase section */

/* Begin PBXShellScriptBuildPhase section */
		E1669E3C1A3E0B8CC233DA98 /* [CP] Check Pods Manifest.lock */ = {
			isa = PBXShellScriptBuildPhase;
			buildActionMask = 2147483647;
			files = (
			);
			inputFileListPaths = (
			);
			inputPaths = (
				"${PODS_PODFILE_DIR_PATH}/Podfile.lock",
				"${PODS_ROOT}/Manifest.lock",
			);
			name = "[CP] Check Pods Manifest.lock";
			outputFileListPaths = (
			);
			outputPaths = (
				"$(DERIVED_FILE_DIR)/Pods-MyRecipes-checkManifestLockResult.txt",
			);
			runOnlyForDeploymentPostprocessing = 0;
			shellPath = /bin/sh;
			shellScript = "diff \"${PODS_PODFILE_DIR_PATH}/Podfile.lock\" \"${PODS_ROOT}/Manifest.lock\" > /dev/null\nif [ $? != 0 ] ; then\n    # print error to STDERR\n    echo \"error: The sandbox is not in sync with the Podfile.lock. Run 'pod install' or update your CocoaPods installation.\" >&2\n    exit 1\nfi\n# This output is used by Xcode 'outputs' to avoid re-running this script phase.\necho \"SUCCESS\" > \"${SCRIPT_OUTPUT_FILE_0}\"\n";
			showEnvVarsInLog = 0;
		};
/* End PBXShellScriptBuildPhase section */

/* Begin PBXSourcesBuildPhase section */
		C0AEADF7244CCE0200D335C4 /* Sources */ = {
			isa = PBXSourcesBuildPhase;
			buildActionMask = 2147483647;
			files = (
				C08F9935245C7F42008C46D7 /* EditViewController.swift in Sources */,
				C06C3ED124556E2B0076EF4A /* LoginViewController.swift in Sources */,
				C08F993724607BE0008C46D7 /* IngredientTableViewCell.swift in Sources */,
				C08F993D2460940D008C46D7 /* RecipesTableViewCell.swift in Sources */,
				C08F9931245B1D46008C46D7 /* SquaredImage + Extension.swift in Sources */,
				C0AEAE22244CD37100D335C4 /* SecondaryButton.swift in Sources */,
				C0AEAE24244CD39900D335C4 /* Constants.swift in Sources */,
				C0AEAE03244CCE0200D335C4 /* ShowRecipeViewController.swift in Sources */,
				C08F993B24607C18008C46D7 /* IngredientAddedTableViewCell.swift in Sources */,
				C0AEAE1A244CCF3800D335C4 /* AddRecipeViewController.swift in Sources */,
				C0AEADFF244CCE0200D335C4 /* AppDelegate.swift in Sources */,
				C08F993924607C02008C46D7 /* IngredientEditedTableViewCell.swift in Sources */,
				C0AEAE01244CCE0200D335C4 /* SceneDelegate.swift in Sources */,
				C0AEAE1E244CD30300D335C4 /* CustomButton.swift in Sources */,
				C08F993F2460992D008C46D7 /* UNNavigationBar + Extension.swift in Sources */,
				C0AEAE09244CCE0200D335C4 /* MyRecipes.xcdatamodeld in Sources */,
				C0AEAE16244CCE5700D335C4 /* RecipesTableViewController.swift in Sources */,
				C0AEAE20244CD31100D335C4 /* Gradient + Extension.swift in Sources */,
			);
			runOnlyForDeploymentPostprocessing = 0;
		};
/* End PBXSourcesBuildPhase section */

/* Begin PBXVariantGroup section */
		C0AEAE04244CCE0200D335C4 /* Main.storyboard */ = {
			isa = PBXVariantGroup;
			children = (
				C0AEAE05244CCE0200D335C4 /* Base */,
			);
			name = Main.storyboard;
			sourceTree = "<group>";
		};
		C0AEAE0C244CCE0700D335C4 /* LaunchScreen.storyboard */ = {
			isa = PBXVariantGroup;
			children = (
				C0AEAE0D244CCE0700D335C4 /* Base */,
			);
			name = LaunchScreen.storyboard;
			sourceTree = "<group>";
		};
/* End PBXVariantGroup section */

/* Begin XCBuildConfiguration section */
		C0AEAE10244CCE0700D335C4 /* Debug */ = {
			isa = XCBuildConfiguration;
			buildSettings = {
				ALWAYS_SEARCH_USER_PATHS = NO;
				CLANG_ANALYZER_NONNULL = YES;
				CLANG_ANALYZER_NUMBER_OBJECT_CONVERSION = YES_AGGRESSIVE;
				CLANG_CXX_LANGUAGE_STANDARD = "gnu++14";
				CLANG_CXX_LIBRARY = "libc++";
				CLANG_ENABLE_MODULES = YES;
				CLANG_ENABLE_OBJC_ARC = YES;
				CLANG_ENABLE_OBJC_WEAK = YES;
				CLANG_WARN_BLOCK_CAPTURE_AUTORELEASING = YES;
				CLANG_WARN_BOOL_CONVERSION = YES;
				CLANG_WARN_COMMA = YES;
				CLANG_WARN_CONSTANT_CONVERSION = YES;
				CLANG_WARN_DEPRECATED_OBJC_IMPLEMENTATIONS = YES;
				CLANG_WARN_DIRECT_OBJC_ISA_USAGE = YES_ERROR;
				CLANG_WARN_DOCUMENTATION_COMMENTS = YES;
				CLANG_WARN_EMPTY_BODY = YES;
				CLANG_WARN_ENUM_CONVERSION = YES;
				CLANG_WARN_INFINITE_RECURSION = YES;
				CLANG_WARN_INT_CONVERSION = YES;
				CLANG_WARN_NON_LITERAL_NULL_CONVERSION = YES;
				CLANG_WARN_OBJC_IMPLICIT_RETAIN_SELF = YES;
				CLANG_WARN_OBJC_LITERAL_CONVERSION = YES;
				CLANG_WARN_OBJC_ROOT_CLASS = YES_ERROR;
				CLANG_WARN_RANGE_LOOP_ANALYSIS = YES;
				CLANG_WARN_STRICT_PROTOTYPES = YES;
				CLANG_WARN_SUSPICIOUS_MOVE = YES;
				CLANG_WARN_UNGUARDED_AVAILABILITY = YES_AGGRESSIVE;
				CLANG_WARN_UNREACHABLE_CODE = YES;
				CLANG_WARN__DUPLICATE_METHOD_MATCH = YES;
				COPY_PHASE_STRIP = NO;
				DEBUG_INFORMATION_FORMAT = dwarf;
				ENABLE_STRICT_OBJC_MSGSEND = YES;
				ENABLE_TESTABILITY = YES;
				GCC_C_LANGUAGE_STANDARD = gnu11;
				GCC_DYNAMIC_NO_PIC = NO;
				GCC_NO_COMMON_BLOCKS = YES;
				GCC_OPTIMIZATION_LEVEL = 0;
				GCC_PREPROCESSOR_DEFINITIONS = (
					"DEBUG=1",
					"$(inherited)",
				);
				GCC_WARN_64_TO_32_BIT_CONVERSION = YES;
				GCC_WARN_ABOUT_RETURN_TYPE = YES_ERROR;
				GCC_WARN_UNDECLARED_SELECTOR = YES;
				GCC_WARN_UNINITIALIZED_AUTOS = YES_AGGRESSIVE;
				GCC_WARN_UNUSED_FUNCTION = YES;
				GCC_WARN_UNUSED_VARIABLE = YES;
				IPHONEOS_DEPLOYMENT_TARGET = 13.4;
				MTL_ENABLE_DEBUG_INFO = INCLUDE_SOURCE;
				MTL_FAST_MATH = YES;
				ONLY_ACTIVE_ARCH = YES;
				SDKROOT = iphoneos;
				SWIFT_ACTIVE_COMPILATION_CONDITIONS = DEBUG;
				SWIFT_OPTIMIZATION_LEVEL = "-Onone";
			};
			name = Debug;
		};
		C0AEAE11244CCE0700D335C4 /* Release */ = {
			isa = XCBuildConfiguration;
			buildSettings = {
				ALWAYS_SEARCH_USER_PATHS = NO;
				CLANG_ANALYZER_NONNULL = YES;
				CLANG_ANALYZER_NUMBER_OBJECT_CONVERSION = YES_AGGRESSIVE;
				CLANG_CXX_LANGUAGE_STANDARD = "gnu++14";
				CLANG_CXX_LIBRARY = "libc++";
				CLANG_ENABLE_MODULES = YES;
				CLANG_ENABLE_OBJC_ARC = YES;
				CLANG_ENABLE_OBJC_WEAK = YES;
				CLANG_WARN_BLOCK_CAPTURE_AUTORELEASING = YES;
				CLANG_WARN_BOOL_CONVERSION = YES;
				CLANG_WARN_COMMA = YES;
				CLANG_WARN_CONSTANT_CONVERSION = YES;
				CLANG_WARN_DEPRECATED_OBJC_IMPLEMENTATIONS = YES;
				CLANG_WARN_DIRECT_OBJC_ISA_USAGE = YES_ERROR;
				CLANG_WARN_DOCUMENTATION_COMMENTS = YES;
				CLANG_WARN_EMPTY_BODY = YES;
				CLANG_WARN_ENUM_CONVERSION = YES;
				CLANG_WARN_INFINITE_RECURSION = YES;
				CLANG_WARN_INT_CONVERSION = YES;
				CLANG_WARN_NON_LITERAL_NULL_CONVERSION = YES;
				CLANG_WARN_OBJC_IMPLICIT_RETAIN_SELF = YES;
				CLANG_WARN_OBJC_LITERAL_CONVERSION = YES;
				CLANG_WARN_OBJC_ROOT_CLASS = YES_ERROR;
				CLANG_WARN_RANGE_LOOP_ANALYSIS = YES;
				CLANG_WARN_STRICT_PROTOTYPES = YES;
				CLANG_WARN_SUSPICIOUS_MOVE = YES;
				CLANG_WARN_UNGUARDED_AVAILABILITY = YES_AGGRESSIVE;
				CLANG_WARN_UNREACHABLE_CODE = YES;
				CLANG_WARN__DUPLICATE_METHOD_MATCH = YES;
				COPY_PHASE_STRIP = NO;
				DEBUG_INFORMATION_FORMAT = "dwarf-with-dsym";
				ENABLE_NS_ASSERTIONS = NO;
				ENABLE_STRICT_OBJC_MSGSEND = YES;
				GCC_C_LANGUAGE_STANDARD = gnu11;
				GCC_NO_COMMON_BLOCKS = YES;
				GCC_WARN_64_TO_32_BIT_CONVERSION = YES;
				GCC_WARN_ABOUT_RETURN_TYPE = YES_ERROR;
				GCC_WARN_UNDECLARED_SELECTOR = YES;
				GCC_WARN_UNINITIALIZED_AUTOS = YES_AGGRESSIVE;
				GCC_WARN_UNUSED_FUNCTION = YES;
				GCC_WARN_UNUSED_VARIABLE = YES;
				IPHONEOS_DEPLOYMENT_TARGET = 13.4;
				MTL_ENABLE_DEBUG_INFO = NO;
				MTL_FAST_MATH = YES;
				SDKROOT = iphoneos;
				SWIFT_COMPILATION_MODE = wholemodule;
				SWIFT_OPTIMIZATION_LEVEL = "-O";
				VALIDATE_PRODUCT = YES;
			};
			name = Release;
		};
		C0AEAE13244CCE0700D335C4 /* Debug */ = {
			isa = XCBuildConfiguration;
			baseConfigurationReference = 68030BC304C8B7D6F09A3A57 /* Pods-MyRecipes.debug.xcconfig */;
			buildSettings = {
				ASSETCATALOG_COMPILER_APPICON_NAME = AppIcon;
				CODE_SIGN_STYLE = Automatic;
				DEVELOPMENT_TEAM = HQ23274A69;
				INFOPLIST_FILE = MyRecipes/Info.plist;
				IPHONEOS_DEPLOYMENT_TARGET = 13.0;
				LD_RUNPATH_SEARCH_PATHS = (
					"$(inherited)",
					"@executable_path/Frameworks",
				);
				PRODUCT_BUNDLE_IDENTIFIER = com.aliciangomo.MyRecipes;
				PRODUCT_NAME = "$(TARGET_NAME)";
				SWIFT_VERSION = 5.0;
				TARGETED_DEVICE_FAMILY = "1,2";
			};
			name = Debug;
		};
		C0AEAE14244CCE0700D335C4 /* Release */ = {
			isa = XCBuildConfiguration;
			baseConfigurationReference = DAA42B8117844EE9F6F5BAB0 /* Pods-MyRecipes.release.xcconfig */;
			buildSettings = {
				ASSETCATALOG_COMPILER_APPICON_NAME = AppIcon;
				CODE_SIGN_STYLE = Automatic;
				DEVELOPMENT_TEAM = HQ23274A69;
				INFOPLIST_FILE = MyRecipes/Info.plist;
				IPHONEOS_DEPLOYMENT_TARGET = 13.0;
				LD_RUNPATH_SEARCH_PATHS = (
					"$(inherited)",
					"@executable_path/Frameworks",
				);
				PRODUCT_BUNDLE_IDENTIFIER = com.aliciangomo.MyRecipes;
				PRODUCT_NAME = "$(TARGET_NAME)";
				SWIFT_VERSION = 5.0;
				TARGETED_DEVICE_FAMILY = "1,2";
			};
			name = Release;
		};
/* End XCBuildConfiguration section */

/* Begin XCConfigurationList section */
		C0AEADF6244CCE0200D335C4 /* Build configuration list for PBXProject "MyRecipes" */ = {
			isa = XCConfigurationList;
			buildConfigurations = (
				C0AEAE10244CCE0700D335C4 /* Debug */,
				C0AEAE11244CCE0700D335C4 /* Release */,
			);
			defaultConfigurationIsVisible = 0;
			defaultConfigurationName = Release;
		};
		C0AEAE12244CCE0700D335C4 /* Build configuration list for PBXNativeTarget "MyRecipes" */ = {
			isa = XCConfigurationList;
			buildConfigurations = (
				C0AEAE13244CCE0700D335C4 /* Debug */,
				C0AEAE14244CCE0700D335C4 /* Release */,
			);
			defaultConfigurationIsVisible = 0;
			defaultConfigurationName = Release;
		};
/* End XCConfigurationList section */

/* Begin XCVersionGroup section */
		C0AEAE07244CCE0200D335C4 /* MyRecipes.xcdatamodeld */ = {
			isa = XCVersionGroup;
			children = (
				C0AEAE08244CCE0200D335C4 /* MyRecipes.xcdatamodel */,
			);
			currentVersion = C0AEAE08244CCE0200D335C4 /* MyRecipes.xcdatamodel */;
			path = MyRecipes.xcdatamodeld;
			sourceTree = "<group>";
			versionGroupType = wrapper.xcdatamodel;
		};
/* End XCVersionGroup section */
	};
	rootObject = C0AEADF3244CCE0200D335C4 /* Project object */;
}
